
Microsoft Visual Studio Solution File, Format Version 12.00
# Visual Studio Version 17
VisualStudioVersion = 17.8.34330.188
MinimumVisualStudioVersion = 10.0.40219.1
Project("{FAE04EC0-301F-11D3-BF4B-00C04F79EFBC}") = "01. Binary Search", "01. Binary Search\01. Binary Search.csproj", "{05274316-17ED-411C-B366-E8C1517EBADE}"
EndProject
Global
	GlobalSection(SolutionConfigurationPlatforms) = preSolution
		Debug|Any CPU = Debug|Any CPU
		Release|Any CPU = Release|Any CPU
	EndGlobalSection
	GlobalSection(ProjectConfigurationPlatforms) = postSolution
		{05274316-17ED-411C-B366-E8C1517EBADE}.Debug|Any CPU.ActiveCfg = Debug|Any CPU
		{05274316-17ED-411C-B366-E8C1517EBADE}.Debug|Any CPU.Build.0 = Debug|Any CPU
		{05274316-17ED-411C-B366-E8C1517EBADE}.Release|Any CPU.ActiveCfg = Release|Any CPU
		{05274316-17ED-411C-B366-E8C1517EBADE}.Release|Any CPU.Build.0 = Release|Any CPU
	EndGlobalSection
	GlobalSection(SolutionProperties) = preSolution
		HideSolutionNode = FALSE
	EndGlobalSection
	GlobalSection(ExtensibilityGlobals) = postSolution
		SolutionGuid = {5F76A759-6FB6-44D7-9844-D65FFA247692}
	EndGlobalSection
EndGlobal
