
Microsoft Visual Studio Solution File, Format Version 12.00
# Visual Studio Version 17
VisualStudioVersion = 17.8.34330.188
MinimumVisualStudioVersion = 10.0.40219.1
Project("{FAE04EC0-301F-11D3-BF4B-00C04F79EFBC}") = "01. Binary Search", "01. Binary Search\01. Binary Search.csproj", "{05274316-17ED-411C-B366-E8C1517EBADE}"
EndProject
Project("{FAE04EC0-301F-11D3-BF4B-00C04F79EFBC}") = "02. Selection Sort", "02. Selection Sort\02. Selection Sort.csproj", "{75DA0053-1653-4718-97CF-B14E3CA2C898}"
EndProject
Project("{FAE04EC0-301F-11D3-BF4B-00C04F79EFBC}") = "03. Bubble Sort", "03. Bubble Sort\03. Bubble Sort.csproj", "{55319973-33E8-4DA3-A5FC-2149C33C6486}"
EndProject
Project("{FAE04EC0-301F-11D3-BF4B-00C04F79EFBC}") = "04. Insertion Sort", "04. Insertion Sort\04. Insertion Sort.csproj", "{54AA6F77-9594-4B49-8C90-D27FAA7587D1}"
EndProject
Project("{FAE04EC0-301F-11D3-BF4B-00C04F79EFBC}") = "05. Quicksort", "05. Quicksort\05. Quicksort.csproj", "{8829624F-371F-4E82-866B-50D10DEAE2D2}"
EndProject
Project("{FAE04EC0-301F-11D3-BF4B-00C04F79EFBC}") = "06. Merge Sort", "06. Merge Sort\06. Merge Sort.csproj", "{371FB067-5189-4CA0-B39D-CA05612DD24A}"
EndProject
Project("{FAE04EC0-301F-11D3-BF4B-00C04F79EFBC}") = "07. Sum of Coins", "07. Sum of Coins\07. Sum of Coins.csproj", "{F119D9E6-4512-49B6-9690-AF6945E267E6}"
EndProject
Project("{FAE04EC0-301F-11D3-BF4B-00C04F79EFBC}") = "08. Set Cover", "08. Set Cover\08. Set Cover.csproj", "{39A53FFC-8BFC-4B1A-B7B3-DB23B510E455}"
EndProject
Global
	GlobalSection(SolutionConfigurationPlatforms) = preSolution
		Debug|Any CPU = Debug|Any CPU
		Release|Any CPU = Release|Any CPU
	EndGlobalSection
	GlobalSection(ProjectConfigurationPlatforms) = postSolution
		{05274316-17ED-411C-B366-E8C1517EBADE}.Debug|Any CPU.ActiveCfg = Debug|Any CPU
		{05274316-17ED-411C-B366-E8C1517EBADE}.Debug|Any CPU.Build.0 = Debug|Any CPU
		{05274316-17ED-411C-B366-E8C1517EBADE}.Release|Any CPU.ActiveCfg = Release|Any CPU
		{05274316-17ED-411C-B366-E8C1517EBADE}.Release|Any CPU.Build.0 = Release|Any CPU
		{75DA0053-1653-4718-97CF-B14E3CA2C898}.Debug|Any CPU.ActiveCfg = Debug|Any CPU
		{75DA0053-1653-4718-97CF-B14E3CA2C898}.Debug|Any CPU.Build.0 = Debug|Any CPU
		{75DA0053-1653-4718-97CF-B14E3CA2C898}.Release|Any CPU.ActiveCfg = Release|Any CPU
		{75DA0053-1653-4718-97CF-B14E3CA2C898}.Release|Any CPU.Build.0 = Release|Any CPU
		{55319973-33E8-4DA3-A5FC-2149C33C6486}.Debug|Any CPU.ActiveCfg = Debug|Any CPU
		{55319973-33E8-4DA3-A5FC-2149C33C6486}.Debug|Any CPU.Build.0 = Debug|Any CPU
		{55319973-33E8-4DA3-A5FC-2149C33C6486}.Release|Any CPU.ActiveCfg = Release|Any CPU
		{55319973-33E8-4DA3-A5FC-2149C33C6486}.Release|Any CPU.Build.0 = Release|Any CPU
		{54AA6F77-9594-4B49-8C90-D27FAA7587D1}.Debug|Any CPU.ActiveCfg = Debug|Any CPU
		{54AA6F77-9594-4B49-8C90-D27FAA7587D1}.Debug|Any CPU.Build.0 = Debug|Any CPU
		{54AA6F77-9594-4B49-8C90-D27FAA7587D1}.Release|Any CPU.ActiveCfg = Release|Any CPU
		{54AA6F77-9594-4B49-8C90-D27FAA7587D1}.Release|Any CPU.Build.0 = Release|Any CPU
		{8829624F-371F-4E82-866B-50D10DEAE2D2}.Debug|Any CPU.ActiveCfg = Debug|Any CPU
		{8829624F-371F-4E82-866B-50D10DEAE2D2}.Debug|Any CPU.Build.0 = Debug|Any CPU
		{8829624F-371F-4E82-866B-50D10DEAE2D2}.Release|Any CPU.ActiveCfg = Release|Any CPU
		{8829624F-371F-4E82-866B-50D10DEAE2D2}.Release|Any CPU.Build.0 = Release|Any CPU
		{371FB067-5189-4CA0-B39D-CA05612DD24A}.Debug|Any CPU.ActiveCfg = Debug|Any CPU
		{371FB067-5189-4CA0-B39D-CA05612DD24A}.Debug|Any CPU.Build.0 = Debug|Any CPU
		{371FB067-5189-4CA0-B39D-CA05612DD24A}.Release|Any CPU.ActiveCfg = Release|Any CPU
		{371FB067-5189-4CA0-B39D-CA05612DD24A}.Release|Any CPU.Build.0 = Release|Any CPU
		{F119D9E6-4512-49B6-9690-AF6945E267E6}.Debug|Any CPU.ActiveCfg = Debug|Any CPU
		{F119D9E6-4512-49B6-9690-AF6945E267E6}.Debug|Any CPU.Build.0 = Debug|Any CPU
		{F119D9E6-4512-49B6-9690-AF6945E267E6}.Release|Any CPU.ActiveCfg = Release|Any CPU
		{F119D9E6-4512-49B6-9690-AF6945E267E6}.Release|Any CPU.Build.0 = Release|Any CPU
		{39A53FFC-8BFC-4B1A-B7B3-DB23B510E455}.Debug|Any CPU.ActiveCfg = Debug|Any CPU
		{39A53FFC-8BFC-4B1A-B7B3-DB23B510E455}.Debug|Any CPU.Build.0 = Debug|Any CPU
		{39A53FFC-8BFC-4B1A-B7B3-DB23B510E455}.Release|Any CPU.ActiveCfg = Release|Any CPU
		{39A53FFC-8BFC-4B1A-B7B3-DB23B510E455}.Release|Any CPU.Build.0 = Release|Any CPU
	EndGlobalSection
	GlobalSection(SolutionProperties) = preSolution
		HideSolutionNode = FALSE
	EndGlobalSection
	GlobalSection(ExtensibilityGlobals) = postSolution
		SolutionGuid = {5F76A759-6FB6-44D7-9844-D65FFA247692}
	EndGlobalSection
EndGlobal
