
Microsoft Visual Studio Solution File, Format Version 12.00
# Visual Studio Version 17
VisualStudioVersion = 17.8.34330.188
MinimumVisualStudioVersion = 10.0.40219.1
Project("{9A19103F-16F7-4668-BE54-9A1E7A4F7556}") = "01. Distance Between Vertices", "01. Distance Between Vertices\01. Distance Between Vertices.csproj", "{EDD5740B-B838-4D91-85C0-7161F533FC64}"
EndProject
Project("{9A19103F-16F7-4668-BE54-9A1E7A4F7556}") = "02. Areas in Matrix", "02. Areas in Matrix\02. Areas in Matrix.csproj", "{58256433-CF0C-4E77-9636-A44F6013A4C5}"
EndProject
Project("{9A19103F-16F7-4668-BE54-9A1E7A4F7556}") = "03. Cycles in Graph", "03. Cycles in Graph\03. Cycles in Graph.csproj", "{B859721C-D1F3-4BD5-BE33-9B5A91029DD0}"
EndProject
Project("{9A19103F-16F7-4668-BE54-9A1E7A4F7556}") = "04. Salaries", "04. Salaries\04. Salaries.csproj", "{5A5BEE01-DA1D-45B7-9924-2C5261C64CFB}"
EndProject
Project("{9A19103F-16F7-4668-BE54-9A1E7A4F7556}") = "05. Break Cycles", "05. Break Cycles\05. Break Cycles.csproj", "{42F32B40-ED3C-4D81-AA61-F3DEA60D3E72}"
EndProject
Project("{FAE04EC0-301F-11D3-BF4B-00C04F79EFBC}") = "06.RoadReconstr", "06.RoadReconstr\06.RoadReconstr.csproj", "{3FBA413A-C8E8-46D6-AB12-46AE2467558A}"
EndProject
Global
	GlobalSection(SolutionConfigurationPlatforms) = preSolution
		Debug|Any CPU = Debug|Any CPU
		Release|Any CPU = Release|Any CPU
	EndGlobalSection
	GlobalSection(ProjectConfigurationPlatforms) = postSolution
		{EDD5740B-B838-4D91-85C0-7161F533FC64}.Debug|Any CPU.ActiveCfg = Debug|Any CPU
		{EDD5740B-B838-4D91-85C0-7161F533FC64}.Debug|Any CPU.Build.0 = Debug|Any CPU
		{EDD5740B-B838-4D91-85C0-7161F533FC64}.Release|Any CPU.ActiveCfg = Release|Any CPU
		{EDD5740B-B838-4D91-85C0-7161F533FC64}.Release|Any CPU.Build.0 = Release|Any CPU
		{58256433-CF0C-4E77-9636-A44F6013A4C5}.Debug|Any CPU.ActiveCfg = Debug|Any CPU
		{58256433-CF0C-4E77-9636-A44F6013A4C5}.Debug|Any CPU.Build.0 = Debug|Any CPU
		{58256433-CF0C-4E77-9636-A44F6013A4C5}.Release|Any CPU.ActiveCfg = Release|Any CPU
		{58256433-CF0C-4E77-9636-A44F6013A4C5}.Release|Any CPU.Build.0 = Release|Any CPU
		{B859721C-D1F3-4BD5-BE33-9B5A91029DD0}.Debug|Any CPU.ActiveCfg = Debug|Any CPU
		{B859721C-D1F3-4BD5-BE33-9B5A91029DD0}.Debug|Any CPU.Build.0 = Debug|Any CPU
		{B859721C-D1F3-4BD5-BE33-9B5A91029DD0}.Release|Any CPU.ActiveCfg = Release|Any CPU
		{B859721C-D1F3-4BD5-BE33-9B5A91029DD0}.Release|Any CPU.Build.0 = Release|Any CPU
		{5A5BEE01-DA1D-45B7-9924-2C5261C64CFB}.Debug|Any CPU.ActiveCfg = Debug|Any CPU
		{5A5BEE01-DA1D-45B7-9924-2C5261C64CFB}.Debug|Any CPU.Build.0 = Debug|Any CPU
		{5A5BEE01-DA1D-45B7-9924-2C5261C64CFB}.Release|Any CPU.ActiveCfg = Release|Any CPU
		{5A5BEE01-DA1D-45B7-9924-2C5261C64CFB}.Release|Any CPU.Build.0 = Release|Any CPU
		{42F32B40-ED3C-4D81-AA61-F3DEA60D3E72}.Debug|Any CPU.ActiveCfg = Debug|Any CPU
		{42F32B40-ED3C-4D81-AA61-F3DEA60D3E72}.Debug|Any CPU.Build.0 = Debug|Any CPU
		{42F32B40-ED3C-4D81-AA61-F3DEA60D3E72}.Release|Any CPU.ActiveCfg = Release|Any CPU
		{42F32B40-ED3C-4D81-AA61-F3DEA60D3E72}.Release|Any CPU.Build.0 = Release|Any CPU
		{3FBA413A-C8E8-46D6-AB12-46AE2467558A}.Debug|Any CPU.ActiveCfg = Debug|Any CPU
		{3FBA413A-C8E8-46D6-AB12-46AE2467558A}.Debug|Any CPU.Build.0 = Debug|Any CPU
		{3FBA413A-C8E8-46D6-AB12-46AE2467558A}.Release|Any CPU.ActiveCfg = Release|Any CPU
		{3FBA413A-C8E8-46D6-AB12-46AE2467558A}.Release|Any CPU.Build.0 = Release|Any CPU
	EndGlobalSection
	GlobalSection(SolutionProperties) = preSolution
		HideSolutionNode = FALSE
	EndGlobalSection
	GlobalSection(ExtensibilityGlobals) = postSolution
		SolutionGuid = {3D51AB15-A4DB-427D-B0A5-3B330B63C20D}
	EndGlobalSection
EndGlobal
