
Microsoft Visual Studio Solution File, Format Version 12.00
# Visual Studio Version 17
VisualStudioVersion = 17.8.34408.163
MinimumVisualStudioVersion = 10.0.40219.1
Project("{FAE04EC0-301F-11D3-BF4B-00C04F79EFBC}") = "01. Fibonacci", "01. Fibonacci\01. Fibonacci.csproj", "{9371033E-B45B-4D16-BFE5-542B0265BFF9}"
EndProject
Global
	GlobalSection(SolutionConfigurationPlatforms) = preSolution
		Debug|Any CPU = Debug|Any CPU
		Release|Any CPU = Release|Any CPU
	EndGlobalSection
	GlobalSection(ProjectConfigurationPlatforms) = postSolution
		{9371033E-B45B-4D16-BFE5-542B0265BFF9}.Debug|Any CPU.ActiveCfg = Debug|Any CPU
		{9371033E-B45B-4D16-BFE5-542B0265BFF9}.Debug|Any CPU.Build.0 = Debug|Any CPU
		{9371033E-B45B-4D16-BFE5-542B0265BFF9}.Release|Any CPU.ActiveCfg = Release|Any CPU
		{9371033E-B45B-4D16-BFE5-542B0265BFF9}.Release|Any CPU.Build.0 = Release|Any CPU
	EndGlobalSection
	GlobalSection(SolutionProperties) = preSolution
		HideSolutionNode = FALSE
	EndGlobalSection
	GlobalSection(ExtensibilityGlobals) = postSolution
		SolutionGuid = {F3786B5E-9E4A-4E61-BC4A-B8C5E1CE7C56}
	EndGlobalSection
EndGlobal
