
Microsoft Visual Studio Solution File, Format Version 12.00
# Visual Studio Version 17
VisualStudioVersion = 17.8.34408.163
MinimumVisualStudioVersion = 10.0.40219.1
Project("{FAE04EC0-301F-11D3-BF4B-00C04F79EFBC}") = "01. Fibonacci", "01. Fibonacci\01. Fibonacci.csproj", "{9371033E-B45B-4D16-BFE5-542B0265BFF9}"
EndProject
Project("{FAE04EC0-301F-11D3-BF4B-00C04F79EFBC}") = "02. Move Down-Right", "02. Move Down-Right\02. Move Down-Right.csproj", "{5329F4F8-295F-48C7-BAD7-51A7D14A9213}"
EndProject
Project("{FAE04EC0-301F-11D3-BF4B-00C04F79EFBC}") = "03. Longest Common Subsequence", "03. Longest Common Subsequence\03. Longest Common Subsequence.csproj", "{CA773E94-358F-408F-BA94-517B9BBC9236}"
EndProject
Project("{FAE04EC0-301F-11D3-BF4B-00C04F79EFBC}") = "04. Subset Sum (No Repeats)", "04. Subset Sum (No Repeats)\04. Subset Sum (No Repeats).csproj", "{AB4F597A-2AC8-44E8-94EA-078748B40A66}"
EndProject
Project("{FAE04EC0-301F-11D3-BF4B-00C04F79EFBC}") = "05. Subset Sum (with Repetition)", "05. Subset Sum (with Repetition)\05. Subset Sum (with Repetition).csproj", "{6855FA72-3D6B-4FD8-9DE6-66CCE9621665}"
EndProject
Global
	GlobalSection(SolutionConfigurationPlatforms) = preSolution
		Debug|Any CPU = Debug|Any CPU
		Release|Any CPU = Release|Any CPU
	EndGlobalSection
	GlobalSection(ProjectConfigurationPlatforms) = postSolution
		{9371033E-B45B-4D16-BFE5-542B0265BFF9}.Debug|Any CPU.ActiveCfg = Debug|Any CPU
		{9371033E-B45B-4D16-BFE5-542B0265BFF9}.Debug|Any CPU.Build.0 = Debug|Any CPU
		{9371033E-B45B-4D16-BFE5-542B0265BFF9}.Release|Any CPU.ActiveCfg = Release|Any CPU
		{9371033E-B45B-4D16-BFE5-542B0265BFF9}.Release|Any CPU.Build.0 = Release|Any CPU
		{5329F4F8-295F-48C7-BAD7-51A7D14A9213}.Debug|Any CPU.ActiveCfg = Debug|Any CPU
		{5329F4F8-295F-48C7-BAD7-51A7D14A9213}.Debug|Any CPU.Build.0 = Debug|Any CPU
		{5329F4F8-295F-48C7-BAD7-51A7D14A9213}.Release|Any CPU.ActiveCfg = Release|Any CPU
		{5329F4F8-295F-48C7-BAD7-51A7D14A9213}.Release|Any CPU.Build.0 = Release|Any CPU
		{CA773E94-358F-408F-BA94-517B9BBC9236}.Debug|Any CPU.ActiveCfg = Debug|Any CPU
		{CA773E94-358F-408F-BA94-517B9BBC9236}.Debug|Any CPU.Build.0 = Debug|Any CPU
		{CA773E94-358F-408F-BA94-517B9BBC9236}.Release|Any CPU.ActiveCfg = Release|Any CPU
		{CA773E94-358F-408F-BA94-517B9BBC9236}.Release|Any CPU.Build.0 = Release|Any CPU
		{AB4F597A-2AC8-44E8-94EA-078748B40A66}.Debug|Any CPU.ActiveCfg = Debug|Any CPU
		{AB4F597A-2AC8-44E8-94EA-078748B40A66}.Debug|Any CPU.Build.0 = Debug|Any CPU
		{AB4F597A-2AC8-44E8-94EA-078748B40A66}.Release|Any CPU.ActiveCfg = Release|Any CPU
		{AB4F597A-2AC8-44E8-94EA-078748B40A66}.Release|Any CPU.Build.0 = Release|Any CPU
		{6855FA72-3D6B-4FD8-9DE6-66CCE9621665}.Debug|Any CPU.ActiveCfg = Debug|Any CPU
		{6855FA72-3D6B-4FD8-9DE6-66CCE9621665}.Debug|Any CPU.Build.0 = Debug|Any CPU
		{6855FA72-3D6B-4FD8-9DE6-66CCE9621665}.Release|Any CPU.ActiveCfg = Release|Any CPU
		{6855FA72-3D6B-4FD8-9DE6-66CCE9621665}.Release|Any CPU.Build.0 = Release|Any CPU
	EndGlobalSection
	GlobalSection(SolutionProperties) = preSolution
		HideSolutionNode = FALSE
	EndGlobalSection
	GlobalSection(ExtensibilityGlobals) = postSolution
		SolutionGuid = {F3786B5E-9E4A-4E61-BC4A-B8C5E1CE7C56}
	EndGlobalSection
EndGlobal
